
Microsoft Visual Studio Solution File, Format Version 12.00
# Visual Studio 15
Project("{FAE04EC0-301F-11D3-BF4B-00C04F79EFBC}") = "HearSay.Android", "HearSay.Android\HearSay.Android.csproj", "{BF201F4A-F869-4511-9BD6-17C708438013}"
EndProject
Project("{FAE04EC0-301F-11D3-BF4B-00C04F79EFBC}") = "HearSay", "HearSay\HearSay.csproj", "{C15D1164-69B9-47A9-A717-E4EDE9A94AA8}"
EndProject
Global
	GlobalSection(SolutionConfigurationPlatforms) = preSolution
		Debug|Any CPU = Debug|Any CPU
		Release|Any CPU = Release|Any CPU
	EndGlobalSection
	GlobalSection(ProjectConfigurationPlatforms) = postSolution
		{BF201F4A-F869-4511-9BD6-17C708438013}.Debug|Any CPU.ActiveCfg = Debug|Any CPU
		{BF201F4A-F869-4511-9BD6-17C708438013}.Debug|Any CPU.Build.0 = Debug|Any CPU
		{BF201F4A-F869-4511-9BD6-17C708438013}.Release|Any CPU.ActiveCfg = Release|Any CPU
		{BF201F4A-F869-4511-9BD6-17C708438013}.Release|Any CPU.Build.0 = Release|Any CPU
		{C15D1164-69B9-47A9-A717-E4EDE9A94AA8}.Debug|Any CPU.ActiveCfg = Debug|Any CPU
		{C15D1164-69B9-47A9-A717-E4EDE9A94AA8}.Debug|Any CPU.Build.0 = Debug|Any CPU
		{C15D1164-69B9-47A9-A717-E4EDE9A94AA8}.Release|Any CPU.ActiveCfg = Release|Any CPU
		{C15D1164-69B9-47A9-A717-E4EDE9A94AA8}.Release|Any CPU.Build.0 = Release|Any CPU
	EndGlobalSection
EndGlobal
